
Microsoft Visual Studio Solution File, Format Version 12.00
# Visual Studio Version 17
VisualStudioVersion = 17.7.34031.279
MinimumVisualStudioVersion = 10.0.40219.1
Project("{9A19103F-16F7-4668-BE54-9A1E7A4F7556}") = "ConsoleApp1", "ConsoleApp1.csproj", "{1AC0400A-5009-4AAB-91F8-D28E00BF1EF4}"
EndProject
Project("{9A19103F-16F7-4668-BE54-9A1E7A4F7556}") = "TestProject1", "TestProject1\TestProject1.csproj", "{A5AF32D9-FF1F-4846-9481-F516A1B0026B}"
EndProject
Global
	GlobalSection(SolutionConfigurationPlatforms) = preSolution
		Debug|Any CPU = Debug|Any CPU
		Release|Any CPU = Release|Any CPU
	EndGlobalSection
	GlobalSection(ProjectConfigurationPlatforms) = postSolution
		{1AC0400A-5009-4AAB-91F8-D28E00BF1EF4}.Debug|Any CPU.ActiveCfg = Debug|Any CPU
		{1AC0400A-5009-4AAB-91F8-D28E00BF1EF4}.Debug|Any CPU.Build.0 = Debug|Any CPU
		{1AC0400A-5009-4AAB-91F8-D28E00BF1EF4}.Release|Any CPU.ActiveCfg = Release|Any CPU
		{1AC0400A-5009-4AAB-91F8-D28E00BF1EF4}.Release|Any CPU.Build.0 = Release|Any CPU
		{A5AF32D9-FF1F-4846-9481-F516A1B0026B}.Debug|Any CPU.ActiveCfg = Debug|Any CPU
		{A5AF32D9-FF1F-4846-9481-F516A1B0026B}.Debug|Any CPU.Build.0 = Debug|Any CPU
		{A5AF32D9-FF1F-4846-9481-F516A1B0026B}.Release|Any CPU.ActiveCfg = Release|Any CPU
		{A5AF32D9-FF1F-4846-9481-F516A1B0026B}.Release|Any CPU.Build.0 = Release|Any CPU
	EndGlobalSection
	GlobalSection(SolutionProperties) = preSolution
		HideSolutionNode = FALSE
	EndGlobalSection
	GlobalSection(ExtensibilityGlobals) = postSolution
		SolutionGuid = {426E2FB8-ACDA-4C93-A38F-35E2AA853861}
	EndGlobalSection
EndGlobal
